
Microsoft Visual Studio Solution File, Format Version 12.00
# Visual Studio Version 17
VisualStudioVersion = 17.8.34330.188
MinimumVisualStudioVersion = 10.0.40219.1
Project("{9A19103F-16F7-4668-BE54-9A1E7A4F7556}") = "DienmayShop.WebAPI", "DienmayShop.WebAPI\DienmayShop.WebAPI.csproj", "{029E5490-7B9E-4499-B280-42288A364736}"
EndProject
Project("{9A19103F-16F7-4668-BE54-9A1E7A4F7556}") = "DienmayShop.Data", "DienmayShop.Data\DienmayShop.Data.csproj", "{CC3E0032-1B4C-4385-84E0-1A066E38AB0E}"
EndProject
Project("{9A19103F-16F7-4668-BE54-9A1E7A4F7556}") = "DienmayShop.Application", "DienmayShop.Application\DienmayShop.Application.csproj", "{D1EE465A-F1B8-49A4-945B-7CAA29C415A6}"
EndProject
Project("{9A19103F-16F7-4668-BE54-9A1E7A4F7556}") = "DienmayShop.ViewModel", "DienmayShop.ViewModel\DienmayShop.ViewModel.csproj", "{1F089015-C818-4A7C-8541-B4AB78583B22}"
EndProject
Project("{9A19103F-16F7-4668-BE54-9A1E7A4F7556}") = "DienmayShop.Utilities", "DienmayShop.Utilities\DienmayShop.Utilities.csproj", "{B3F0BA02-7254-4282-85EA-3385A25B0943}"
EndProject
Project("{FAE04EC0-301F-11D3-BF4B-00C04F79EFBC}") = "DienmayShop.Configurations", "DienmayShop.Configurations\DienmayShop.Configurations.csproj", "{39209597-0CAC-4425-A1F4-D07213885C74}"
EndProject
Global
	GlobalSection(SolutionConfigurationPlatforms) = preSolution
		Debug|Any CPU = Debug|Any CPU
		Release|Any CPU = Release|Any CPU
	EndGlobalSection
	GlobalSection(ProjectConfigurationPlatforms) = postSolution
		{029E5490-7B9E-4499-B280-42288A364736}.Debug|Any CPU.ActiveCfg = Debug|Any CPU
		{029E5490-7B9E-4499-B280-42288A364736}.Debug|Any CPU.Build.0 = Debug|Any CPU
		{029E5490-7B9E-4499-B280-42288A364736}.Release|Any CPU.ActiveCfg = Release|Any CPU
		{029E5490-7B9E-4499-B280-42288A364736}.Release|Any CPU.Build.0 = Release|Any CPU
		{CC3E0032-1B4C-4385-84E0-1A066E38AB0E}.Debug|Any CPU.ActiveCfg = Debug|Any CPU
		{CC3E0032-1B4C-4385-84E0-1A066E38AB0E}.Debug|Any CPU.Build.0 = Debug|Any CPU
		{CC3E0032-1B4C-4385-84E0-1A066E38AB0E}.Release|Any CPU.ActiveCfg = Release|Any CPU
		{CC3E0032-1B4C-4385-84E0-1A066E38AB0E}.Release|Any CPU.Build.0 = Release|Any CPU
		{D1EE465A-F1B8-49A4-945B-7CAA29C415A6}.Debug|Any CPU.ActiveCfg = Debug|Any CPU
		{D1EE465A-F1B8-49A4-945B-7CAA29C415A6}.Debug|Any CPU.Build.0 = Debug|Any CPU
		{D1EE465A-F1B8-49A4-945B-7CAA29C415A6}.Release|Any CPU.ActiveCfg = Release|Any CPU
		{D1EE465A-F1B8-49A4-945B-7CAA29C415A6}.Release|Any CPU.Build.0 = Release|Any CPU
		{1F089015-C818-4A7C-8541-B4AB78583B22}.Debug|Any CPU.ActiveCfg = Debug|Any CPU
		{1F089015-C818-4A7C-8541-B4AB78583B22}.Debug|Any CPU.Build.0 = Debug|Any CPU
		{1F089015-C818-4A7C-8541-B4AB78583B22}.Release|Any CPU.ActiveCfg = Release|Any CPU
		{1F089015-C818-4A7C-8541-B4AB78583B22}.Release|Any CPU.Build.0 = Release|Any CPU
		{B3F0BA02-7254-4282-85EA-3385A25B0943}.Debug|Any CPU.ActiveCfg = Debug|Any CPU
		{B3F0BA02-7254-4282-85EA-3385A25B0943}.Debug|Any CPU.Build.0 = Debug|Any CPU
		{B3F0BA02-7254-4282-85EA-3385A25B0943}.Release|Any CPU.ActiveCfg = Release|Any CPU
		{B3F0BA02-7254-4282-85EA-3385A25B0943}.Release|Any CPU.Build.0 = Release|Any CPU
		{39209597-0CAC-4425-A1F4-D07213885C74}.Debug|Any CPU.ActiveCfg = Debug|Any CPU
		{39209597-0CAC-4425-A1F4-D07213885C74}.Debug|Any CPU.Build.0 = Debug|Any CPU
		{39209597-0CAC-4425-A1F4-D07213885C74}.Release|Any CPU.ActiveCfg = Release|Any CPU
		{39209597-0CAC-4425-A1F4-D07213885C74}.Release|Any CPU.Build.0 = Release|Any CPU
	EndGlobalSection
	GlobalSection(SolutionProperties) = preSolution
		HideSolutionNode = FALSE
	EndGlobalSection
	GlobalSection(ExtensibilityGlobals) = postSolution
		SolutionGuid = {A363D900-8D6F-468E-852B-5F0B4E440E84}
	EndGlobalSection
EndGlobal
